Microsoft Visual Studio Solution File, Format Version 12.00
# Visual Studio Version 17
VisualStudioVersion = 17.5.2.0
MinimumVisualStudioVersion = 10.0.40219.1
Project("{FAE04EC0-301F-11D3-BF4B-00C04F79EFBC}") = "Tiny3DEngine", "Tiny3DEngine\Tiny3DEngine.csproj", "{1FC3FDE3-FB47-6BC3-69DE-836A070F18E4}"
EndProject
Global
	GlobalSection(SolutionConfigurationPlatforms) = preSolution
		Debug|Any CPU = Debug|Any CPU
		Release|Any CPU = Release|Any CPU
	EndGlobalSection
	GlobalSection(ProjectConfigurationPlatforms) = postSolution
		{1FC3FDE3-FB47-6BC3-69DE-836A070F18E4}.Debug|Any CPU.ActiveCfg = Debug|Any CPU
		{1FC3FDE3-FB47-6BC3-69DE-836A070F18E4}.Debug|Any CPU.Build.0 = Debug|Any CPU
		{1FC3FDE3-FB47-6BC3-69DE-836A070F18E4}.Release|Any CPU.ActiveCfg = Release|Any CPU
		{1FC3FDE3-FB47-6BC3-69DE-836A070F18E4}.Release|Any CPU.Build.0 = Release|Any CPU
	EndGlobalSection
	GlobalSection(SolutionProperties) = preSolution
		HideSolutionNode = FALSE
	EndGlobalSection
	GlobalSection(ExtensibilityGlobals) = postSolution
		SolutionGuid = {2E21A75C-2E20-4B17-9819-5F998399737F}
	EndGlobalSection
EndGlobal
